cloud.google.com/go v0.34.0 h1:eOI3/cP2VTU6uZLDYAoic+eyzzB9YyGmJ7eIjl8rOPg=
cloud.google.com/go v0.34.0/go.mod h1:aQUYkXzVsufM+DwF1aE+0xfcU+56JwCaLick0ClmMTw=
github.com/go-kit/kit v0.8.0 h1:Wz+5lgoB0kkuqLEc6NVmwRknTKP6dTGbSqvhZtBI/j0=
github.com/go-kit/kit v0.8.0/go.mod h1:xBxKIO96dXMWWy0MnWVtmwkA9/13aqxPnvrjFYMA2as=
github.com/go-logfmt/logfmt v0.4.0 h1:MP4Eh7ZCb31lleYCFuwm0oe4/YGak+5l1vA2NOE80nA=
github.com/go-logfmt/logfmt v0.4.0/go.mod h1:3RMwSq7FuexP4Kalkev3ejPJsZTpXXBr9+V4qmtdjCk=
github.com/go-restit/lzjson v0.0.0-20161206095556-efe3c53acc68 h1:QR2R74UbwMtnEVGVvNfcx6mQmWGgN8abQeXOy92pQIo=
github.com/go-restit/lzjson v0.0.0-20161206095556-efe3c53acc68/go.mod h1:7vXSKQt83WmbPeyVjCfNT9YDJ5BUFmcwFsEjI9SCvYM=
github.com/go-serve/bindatafs v0.0.0-20161202142102-1f30d36183f0 h1:rZtjjLWdV+MVOMBwbq9+ulbrhXIDjFCcbm28YUyBLtE=
github.com/go-serve/bindatafs v0.0.0-20161202142102-1f30d36183f0/go.mod h1:cwds86ugeCQteHE+YfbPB/fdQdw2wvaYwwGCdTt4DfQ=
github.com/golang/protobuf v0.0.0-20170512171634-fec3b39b059c/go.mod h1:6lQm79b+lXiMfvg/cZm0SGofjICqVBUtrP5yJMmIC1U=
github.com/gorilla/websocket v1.1.0 h1:IhvMPOB8GxycsyOkvML1FrwAFiKgfHlS9KWKa6EqE6Q=
github.com/gorilla/websocket v1.1.0/go.mod h1:E7qHFY5m1UJ88s3WnNqhKjPHQ0heANvMoAMk2YaljkQ=
github.com/jinzhu/gorm v1.9.2 h1:lCvgEaqe/HVE+tjAR2mt4HbbHAZsQOv3XAZiEZV37iw=
github.com/jinzhu/gorm v1.9.2/go.mod h1:Vla75njaFJ8clLU1W44h34PjIkijhjHIYnZxMqCdxqo=
github.com/jinzhu/inflection v0.0.0-20180308033659-04140366298a h1:eeaG9XMUvRBYXJi4pg1ZKM7nxc5AfXfojeLLW7O5J3k=
github.com/jinzhu/inflection v0.0.0-20180308033659-04140366298a/go.mod h1:h+uFLlag+Qp1Va5pdKtLDYj+kHp5pxUVkryuEj+Srlc=
github.com/joho/godotenv v0.0.0-20161216230537-726cc8b906e3 h1:zShOjUfrFegEHgln4TPkWk3KkN9sug3Es3Ml6YpgFJI=
github.com/joho/godotenv v0.0.0-20161216230537-726cc8b906e3/go.mod h1:7hK45KPybAkOC6peb+G5yklZfMxEjkZhHbwpqxOKXbg=
github.com/kr/logfmt v0.0.0-20140226030751-b84e30acd515/go.mod h1:+0opPa2QZZtGFBFZlji/RkVcI2GknAs/DXo4wKdlNEc=
github.com/mattn/go-sqlite3 v1.10.0 h1:jbhqpg7tQe4SupckyijYiy0mJJ/pRyHvXf7JdWK860o=
github.com/mattn/go-sqlite3 v1.10.0/go.mod h1:FPy6KqzDD04eiIsT53CuJW3U88zkxoIYsOqkbpncsNc=
github.com/mrjones/oauth v0.0.0-20180629183705-f4e24b6d100c h1:3wkDRdxK92dF+c1ke2dtj7ZzemFWBHB9plnJOtlwdFA=
github.com/mrjones/oauth v0.0.0-20180629183705-f4e24b6d100c/go.mod h1:skjdDftzkFALcuGzYSklqYd8gvat6F1gZJ4YPVbkZpM=
golang.org/x/net v0.0.0-20170517171515-513929065c19 h1:TOPcoCWURyGUQXxMClANLf83JAG3WdhCk3QuvG8LZ3E=
golang.org/x/net v0.0.0-20170517171515-513929065c19/go.mod h1:mL1N/T3taQHkDXs73rZJwtUhF3w3ftmwwsq0BUmARs4=
golang.org/x/oauth2 v0.0.0-20170517174439-f047394b6d14 h1:5fvqvN1Glau4dT9f9CReJ/5DQdgl50EfDOzX7jBecZg=
golang.org/x/oauth2 v0.0.0-20170517174439-f047394b6d14/go.mod h1:N/0e6XlmueqKjAGxoOufVs8QHGRruUQn6yWY3a++T0U=
golang.org/x/tools v0.0.0-20170515171406-bf4b54dc687c h1:vDlM7i7NV5oD/WFxMni/tliDBh+5yvrR5BMWQrUgeqs=
golang.org/x/tools v0.0.0-20170515171406-bf4b54dc687c/go.mod h1:n7NCudcB/nEzxVGmLbDWY5pfWTLqBcC2KZ6jyYvM4mQ=
google.golang.org/appengine v0.0.0-20170410194355-170382fa85b1/go.mod h1:EbEs0AVv82hx2wNQdGPgUI5lhzA/G0D9YwlJXL52JkM=
gopkg.in/jose.v1 v1.0.0-20161127122323-a941c3995164 h1:X/pD7bRb2VPzlS6B76YKqMhTNMDIGKv3fkA5aHbug8c=
gopkg.in/jose.v1 v1.0.0-20161127122323-a941c3995164/go.mod h1:0Mja59yyQ8IR8H1QdoLQ6fCAJ+xpDfxdc5tmHT08LhU=
